<?xml version="1.0" encoding="UTF-8"?>
<Scheme
   LastUpgradeVersion = "1600"
   version = "1.7">
   <BuildAction parallelizeBuildables = "YES" buildImplicitDependencies = "YES">
      <BuildActionEntries>
         <BuildActionEntry buildForTesting = "YES" buildForRunning = "YES" buildForProfiling = "YES" buildForArchiving = "YES" buildForAnalyzing = "YES"
            buildableReference = "container:Contabilita.xcodeproj">
            <BuildableIdentifier>primary</BuildableIdentifier>
            <BlueprintIdentifier>E10000000000000000000001</BlueprintIdentifier>
            <BuildableName>Contabilita.app</BuildableName>
            <BlueprintName>Contabilita</BlueprintName>
            <ReferencedContainer>container:Contabilita.xcodeproj</ReferencedContainer>
         </BuildableReference>
      </BuildActionEntry>
   </BuildActionEntries>
   </BuildAction>
   <TestAction buildConfiguration = "Debug" shouldUseLaunchSchemeArgsEnv = "YES"/>
   <LaunchAction buildConfiguration = "Debug" selectedDebuggerIdentifier = "Xcode.DebuggerFoundation.Debugger.LLDB" selectedLauncherIdentifier = "Xcode.DebuggerFoundation.Launcher.LLDB" shouldUseLaunchSchemeArgsEnv = "YES"/>
   <ProfileAction buildConfiguration = "Release" shouldUseLaunchSchemeArgsEnv = "YES"/>
   <AnalyzeAction buildConfiguration = "Debug"/>
   <ArchiveAction buildConfiguration = "Release" revealArchiveInOrganizer = "YES"/>
</Scheme>
